
Microsoft Visual Studio Solution File, Format Version 11.00
# Visual Studio 2010
Project("{FAE04EC0-301F-11D3-BF4B-00C04F79EFBC}") = "GeneratedMaze", "Assembly-CSharp.csproj", "{68B46D7E-EA29-336F-BF17-DC9D1B1436BC}"
EndProject
Global
	GlobalSection(SolutionConfigurationPlatforms) = preSolution
		Debug|Any CPU = Debug|Any CPU
		Release|Any CPU = Release|Any CPU
	EndGlobalSection
	GlobalSection(ProjectConfigurationPlatforms) = postSolution
		{68B46D7E-EA29-336F-BF17-DC9D1B1436BC}.Debug|Any CPU.ActiveCfg = Debug|Any CPU
		{68B46D7E-EA29-336F-BF17-DC9D1B1436BC}.Debug|Any CPU.Build.0 = Debug|Any CPU
		{68B46D7E-EA29-336F-BF17-DC9D1B1436BC}.Release|Any CPU.ActiveCfg = Release|Any CPU
		{68B46D7E-EA29-336F-BF17-DC9D1B1436BC}.Release|Any CPU.Build.0 = Release|Any CPU
	EndGlobalSection
	GlobalSection(SolutionProperties) = preSolution
		HideSolutionNode = FALSE
	EndGlobalSection
	GlobalSection(MonoDevelopProperties) = preSolution
		StartupItem = Assembly-CSharp.csproj
	EndGlobalSection
EndGlobal
